
Microsoft Visual Studio Solution File, Format Version 12.00
# Visual Studio 15
VisualStudioVersion = 15.0.27004.2010
MinimumVisualStudioVersion = 10.0.40219.1
Project("{8BC9CEB8-8B4A-11D0-8D11-00A0C91BC942}") = "Projekt1", "Projekt1\Projekt1.vcxproj", "{CF6A77CA-590F-4C44-AC5C-4447880A975F}"
EndProject
Global
	GlobalSection(SolutionConfigurationPlatforms) = preSolution
		Debug|x64 = Debug|x64
		Debug|x86 = Debug|x86
		Release|x64 = Release|x64
		Release|x86 = Release|x86
	EndGlobalSection
	GlobalSection(ProjectConfigurationPlatforms) = postSolution
		{CF6A77CA-590F-4C44-AC5C-4447880A975F}.Debug|x64.ActiveCfg = Debug|x64
		{CF6A77CA-590F-4C44-AC5C-4447880A975F}.Debug|x64.Build.0 = Debug|x64
		{CF6A77CA-590F-4C44-AC5C-4447880A975F}.Debug|x86.ActiveCfg = Debug|Win32
		{CF6A77CA-590F-4C44-AC5C-4447880A975F}.Debug|x86.Build.0 = Debug|Win32
		{CF6A77CA-590F-4C44-AC5C-4447880A975F}.Release|x64.ActiveCfg = Release|x64
		{CF6A77CA-590F-4C44-AC5C-4447880A975F}.Release|x64.Build.0 = Release|x64
		{CF6A77CA-590F-4C44-AC5C-4447880A975F}.Release|x86.ActiveCfg = Release|Win32
		{CF6A77CA-590F-4C44-AC5C-4447880A975F}.Release|x86.Build.0 = Release|Win32
	EndGlobalSection
	GlobalSection(SolutionProperties) = preSolution
		HideSolutionNode = FALSE
	EndGlobalSection
	GlobalSection(ExtensibilityGlobals) = postSolution
		SolutionGuid = {750A30E9-D219-44AF-9D24-566A9CBFE862}
	EndGlobalSection
EndGlobal
